
Microsoft Visual Studio Solution File, Format Version 12.00
# Visual Studio Version 16
VisualStudioVersion = 16.0.30517.126
MinimumVisualStudioVersion = 10.0.40219.1
Project("{FAE04EC0-301F-11D3-BF4B-00C04F79EFBC}") = "CRM Mailing Platform", "CRM Mailing Platform\CRM Mailing Platform.csproj", "{05C644BF-0F1E-4EB7-80A6-8CF71F039922}"
EndProject
Global
	GlobalSection(SolutionConfigurationPlatforms) = preSolution
		Debug|Any CPU = Debug|Any CPU
		Release|Any CPU = Release|Any CPU
	EndGlobalSection
	GlobalSection(ProjectConfigurationPlatforms) = postSolution
		{05C644BF-0F1E-4EB7-80A6-8CF71F039922}.Debug|Any CPU.ActiveCfg = Debug|Any CPU
		{05C644BF-0F1E-4EB7-80A6-8CF71F039922}.Debug|Any CPU.Build.0 = Debug|Any CPU
		{05C644BF-0F1E-4EB7-80A6-8CF71F039922}.Release|Any CPU.ActiveCfg = Release|Any CPU
		{05C644BF-0F1E-4EB7-80A6-8CF71F039922}.Release|Any CPU.Build.0 = Release|Any CPU
	EndGlobalSection
	GlobalSection(SolutionProperties) = preSolution
		HideSolutionNode = FALSE
	EndGlobalSection
	GlobalSection(ExtensibilityGlobals) = postSolution
		SolutionGuid = {4C5E7609-34A7-422B-9A16-76EAAABE15EF}
	EndGlobalSection
EndGlobal
