
Microsoft Visual Studio Solution File, Format Version 12.00
# Visual Studio Version 16
VisualStudioVersion = 16.0.30517.126
MinimumVisualStudioVersion = 10.0.40219.1
Project("{FAE04EC0-301F-11D3-BF4B-00C04F79EFBC}") = "CRM Mailing Platform", "CRM Mailing Platform.csproj", "{097E9628-C645-41ED-980E-6567CBB94A32}"
EndProject
Global
	GlobalSection(SolutionConfigurationPlatforms) = preSolution
		Debug|Any CPU = Debug|Any CPU
		Release|Any CPU = Release|Any CPU
	EndGlobalSection
	GlobalSection(ProjectConfigurationPlatforms) = postSolution
		{097E9628-C645-41ED-980E-6567CBB94A32}.Debug|Any CPU.ActiveCfg = Debug|Any CPU
		{097E9628-C645-41ED-980E-6567CBB94A32}.Debug|Any CPU.Build.0 = Debug|Any CPU
		{097E9628-C645-41ED-980E-6567CBB94A32}.Release|Any CPU.ActiveCfg = Release|Any CPU
		{097E9628-C645-41ED-980E-6567CBB94A32}.Release|Any CPU.Build.0 = Release|Any CPU
	EndGlobalSection
	GlobalSection(SolutionProperties) = preSolution
		HideSolutionNode = FALSE
	EndGlobalSection
	GlobalSection(ExtensibilityGlobals) = postSolution
		SolutionGuid = {A59C30CC-D8FC-49E4-8024-D01A2A81AE7A}
	EndGlobalSection
EndGlobal
